# THIS IS AN AUTOGENERATED FILE. DO NOT EDIT THIS FILE DIRECTLY.
# yarn lockfile v1


vue3-avatar@^3.0.0:
  version "3.0.0"
  resolved "https://registry.yarnpkg.com/vue3-avatar/-/vue3-avatar-3.0.0.tgz#77277b0498f4e2e35a21a273864c799eaec45b2b"
  integrity sha512-d7sdb/8w008g32b61zbT0VmbSriPQz4FZa3Q2Z8xbwOAn7lQgWYJFyX7FbmXF8vFQVWSN4NBO22UZneZCOKMuw==
